
Microsoft Visual Studio Solution File, Format Version 12.00
# Visual Studio 2012
Project("{FAE04EC0-301F-11D3-BF4B-00C04F79EFBC}") = "T4.SqlGenerator", "T4.SqlGenerator\T4.SqlGenerator.csproj", "{30E47A2A-C754-4ADC-932A-D77228D19688}"
EndProject
Project("{2150E333-8FDC-42A3-9474-1A3956D46DE8}") = ".nuget", ".nuget", "{B7442C04-EE95-4688-9E2E-4095E944CC9A}"
	ProjectSection(SolutionItems) = preProject
		.nuget\NuGet.Config = .nuget\NuGet.Config
		.nuget\NuGet.exe = .nuget\NuGet.exe
		.nuget\NuGet.targets = .nuget\NuGet.targets
	EndProjectSection
EndProject
Global
	GlobalSection(SolutionConfigurationPlatforms) = preSolution
		Debug|Any CPU = Debug|Any CPU
		Release|Any CPU = Release|Any CPU
	EndGlobalSection
	GlobalSection(ProjectConfigurationPlatforms) = postSolution
		{30E47A2A-C754-4ADC-932A-D77228D19688}.Debug|Any CPU.ActiveCfg = Debug|Any CPU
		{30E47A2A-C754-4ADC-932A-D77228D19688}.Debug|Any CPU.Build.0 = Debug|Any CPU
		{30E47A2A-C754-4ADC-932A-D77228D19688}.Release|Any CPU.ActiveCfg = Release|Any CPU
		{30E47A2A-C754-4ADC-932A-D77228D19688}.Release|Any CPU.Build.0 = Release|Any CPU
	EndGlobalSection
	GlobalSection(SolutionProperties) = preSolution
		HideSolutionNode = FALSE
	EndGlobalSection
EndGlobal
